{
  "name": "ajs-node",
  "version": "1.0.0",
  "lockfileVersion": 3,
  "requires": true,
  "packages": {
    "": {
      "name": "ajs-node",
      "version": "1.0.0",
      "license": "ISC",
      "dependencies": {
        "@saunindm/ajs": "^1.0.0"
      }
    },
    "node_modules/@saunindm/ajs": {
      "version": "1.0.0",
      "resolved": "https://npm.pkg.github.com/download/@saunindm/ajs/1.0.0/21e5f3f2bced16771531a0b8a9ad93e9b38a5301",
      "integrity": "sha512-wYT8qoU2wHg/5LnFFn0kCKxwBIB8PGTI1WXKHdZykWAUFAW2jBmfvrQDZm4A14l6RfDZ5E1JoSoOoZck5X1koQ==",
      "license": "ISC"
    }
  }
}
